// !$*UTF8*$!
{
	archiveVersion = 1;
	classes = {
	};
	objectVersion = 55;
	objects = {

/* Begin PBXBuildFile section */
		D905D6B1287B56EB004C2B2B /* landmarksApp.swift in Sources */ = {isa = PBXBuildFile; fileRef = D905D6B0287B56EB004C2B2B /* landmarksApp.swift */; };
		D905D6B3287B56EB004C2B2B /* ContentView.swift in Sources */ = {isa = PBXBuildFile; fileRef = D905D6B2287B56EB004C2B2B /* ContentView.swift */; };
		D905D6B5287B56ED004C2B2B /* Assets.xcassets in Resources */ = {isa = PBXBuildFile; fileRef = D905D6B4287B56ED004C2B2B /* Assets.xcassets */; };
		D905D6B8287B56ED004C2B2B /* Preview Assets.xcassets in Resources */ = {isa = PBXBuildFile; fileRef = D905D6B7287B56ED004C2B2B /* Preview Assets.xcassets */; };
		D905D6BA287B56ED004C2B2B /* Persistence.swift in Sources */ = {isa = PBXBuildFile; fileRef = D905D6B9287B56ED004C2B2B /* Persistence.swift */; };
		D905D6BD287B56ED004C2B2B /* landmarks.xcdatamodeld in Sources */ = {isa = PBXBuildFile; fileRef = D905D6BB287B56ED004C2B2B /* landmarks.xcdatamodeld */; };
		D905D6C7287B56ED004C2B2B /* landmarksTests.swift in Sources */ = {isa = PBXBuildFile; fileRef = D905D6C6287B56ED004C2B2B /* landmarksTests.swift */; };
		D905D6D1287B56ED004C2B2B /* landmarksUITests.swift in Sources */ = {isa = PBXBuildFile; fileRef = D905D6D0287B56ED004C2B2B /* landmarksUITests.swift */; };
		D905D6D3287B56ED004C2B2B /* landmarksUITestsLaunchTests.swift in Sources */ = {isa = PBXBuildFile; fileRef = D905D6D2287B56ED004C2B2B /* landmarksUITestsLaunchTests.swift */; };
		D905D6E0287B5C2D004C2B2B /* CircleImage.swift in Sources */ = {isa = PBXBuildFile; fileRef = D905D6DF287B5C2D004C2B2B /* CircleImage.swift */; };
		D905D6E2287B5E13004C2B2B /* MapView.swift in Sources */ = {isa = PBXBuildFile; fileRef = D905D6E1287B5E13004C2B2B /* MapView.swift */; };
		D905D6E8287B6226004C2B2B /* Landmark.swift in Sources */ = {isa = PBXBuildFile; fileRef = D905D6E7287B6226004C2B2B /* Landmark.swift */; };
		D905D6EA287B6405004C2B2B /* ModelData.swift in Sources */ = {isa = PBXBuildFile; fileRef = D905D6E9287B6405004C2B2B /* ModelData.swift */; };
		D905D6F3287B66DD004C2B2B /* LandmarkRow.swift in Sources */ = {isa = PBXBuildFile; fileRef = D905D6F2287B66DD004C2B2B /* LandmarkRow.swift */; };
		D905D6F7287B6929004C2B2B /* landmarkData.json in Resources */ = {isa = PBXBuildFile; fileRef = D905D6F6287B6929004C2B2B /* landmarkData.json */; };
		D905D6F9287B6A7E004C2B2B /* LandmarkList.swift in Sources */ = {isa = PBXBuildFile; fileRef = D905D6F8287B6A7E004C2B2B /* LandmarkList.swift */; };
		D905D6FB287B7136004C2B2B /* LandmarkDetail.swift in Sources */ = {isa = PBXBuildFile; fileRef = D905D6FA287B7136004C2B2B /* LandmarkDetail.swift */; };
		D905D6FD287BA5B2004C2B2B /* FavoriteButton.swift in Sources */ = {isa = PBXBuildFile; fileRef = D905D6FC287BA5B2004C2B2B /* FavoriteButton.swift */; };
		D905D701287BB95C004C2B2B /* HexagonParameters.swift in Sources */ = {isa = PBXBuildFile; fileRef = D905D700287BB95C004C2B2B /* HexagonParameters.swift */; };
		D905D703287BBA4A004C2B2B /* BadgeBackground.swift in Sources */ = {isa = PBXBuildFile; fileRef = D905D702287BBA4A004C2B2B /* BadgeBackground.swift */; };
		D905D705287BBE08004C2B2B /* BadgeSymbol.swift in Sources */ = {isa = PBXBuildFile; fileRef = D905D704287BBE08004C2B2B /* BadgeSymbol.swift */; };
		D905D707287BBE5E004C2B2B /* RotatedBadgeSymbol.swift in Sources */ = {isa = PBXBuildFile; fileRef = D905D706287BBE5E004C2B2B /* RotatedBadgeSymbol.swift */; };
		D905D709287BBE8D004C2B2B /* Badge.swift in Sources */ = {isa = PBXBuildFile; fileRef = D905D708287BBE8D004C2B2B /* Badge.swift */; };
		D905D70C287BBF62004C2B2B /* hikeData.json in Resources */ = {isa = PBXBuildFile; fileRef = D905D70B287BBF62004C2B2B /* hikeData.json */; };
		D905D70E287BBF80004C2B2B /* Hike.swift in Sources */ = {isa = PBXBuildFile; fileRef = D905D70D287BBF80004C2B2B /* Hike.swift */; };
		D905D714287BC0A0004C2B2B /* GraphCapsule.swift in Sources */ = {isa = PBXBuildFile; fileRef = D905D710287BC0A0004C2B2B /* GraphCapsule.swift */; };
		D905D715287BC0A0004C2B2B /* HikeGraph.swift in Sources */ = {isa = PBXBuildFile; fileRef = D905D711287BC0A0004C2B2B /* HikeGraph.swift */; };
		D905D716287BC0A0004C2B2B /* HikeDetail.swift in Sources */ = {isa = PBXBuildFile; fileRef = D905D712287BC0A0004C2B2B /* HikeDetail.swift */; };
		D905D717287BC0A0004C2B2B /* HikeView.swift in Sources */ = {isa = PBXBuildFile; fileRef = D905D713287BC0A0004C2B2B /* HikeView.swift */; };
		D905D71A287BC52A004C2B2B /* CategoryHome.swift in Sources */ = {isa = PBXBuildFile; fileRef = D905D719287BC52A004C2B2B /* CategoryHome.swift */; };
		D9117498287C69B00049D796 /* CategoryRow.swift in Sources */ = {isa = PBXBuildFile; fileRef = D9117497287C69B00049D796 /* CategoryRow.swift */; };
		D911749A287CADE10049D796 /* CategoryItem.swift in Sources */ = {isa = PBXBuildFile; fileRef = D9117499287CADE10049D796 /* CategoryItem.swift */; };
		D911749E287CB5A90049D796 /* Profile.swift in Sources */ = {isa = PBXBuildFile; fileRef = D911749D287CB5A90049D796 /* Profile.swift */; };
		D91174A1287CB6920049D796 /* ProfileHost.swift in Sources */ = {isa = PBXBuildFile; fileRef = D91174A0287CB6920049D796 /* ProfileHost.swift */; };
		D91174A3287CB7AB0049D796 /* ProfileSummary.swift in Sources */ = {isa = PBXBuildFile; fileRef = D91174A2287CB7AB0049D796 /* ProfileSummary.swift */; };
		D91174A5287CBB7E0049D796 /* HikeBadge.swift in Sources */ = {isa = PBXBuildFile; fileRef = D91174A4287CBB7E0049D796 /* HikeBadge.swift */; };
		D98B1997287FB8E9002840A9 /* LandmarkCommands.swift in Sources */ = {isa = PBXBuildFile; fileRef = D98B1996287FB8E9002840A9 /* LandmarkCommands.swift */; };
		D98B1998287FB8E9002840A9 /* LandmarkCommands.swift in Sources */ = {isa = PBXBuildFile; fileRef = D98B1996287FB8E9002840A9 /* LandmarkCommands.swift */; };
		D9FDBD76287F628D00833F0E /* ProfileEditor.swift in Sources */ = {isa = PBXBuildFile; fileRef = D9FDBD75287F628D00833F0E /* ProfileEditor.swift */; };
		D9FDBD80287F69F700833F0E /* ContentView.swift in Sources */ = {isa = PBXBuildFile; fileRef = D9FDBD7F287F69F700833F0E /* ContentView.swift */; };
		D9FDBD82287F69F800833F0E /* Assets.xcassets in Resources */ = {isa = PBXBuildFile; fileRef = D9FDBD81287F69F800833F0E /* Assets.xcassets */; };
		D9FDBD85287F69F800833F0E /* Preview Assets.xcassets in Resources */ = {isa = PBXBuildFile; fileRef = D9FDBD84287F69F800833F0E /* Preview Assets.xcassets */; };
		D9FDBD87287F69F800833F0E /* Persistence.swift in Sources */ = {isa = PBXBuildFile; fileRef = D9FDBD86287F69F800833F0E /* Persistence.swift */; };
		D9FDBD8A287F69F800833F0E /* MacLandmarks.xcdatamodeld in Sources */ = {isa = PBXBuildFile; fileRef = D9FDBD88287F69F800833F0E /* MacLandmarks.xcdatamodeld */; };
		D9FDBD95287F69F800833F0E /* MacLandmarksTests.swift in Sources */ = {isa = PBXBuildFile; fileRef = D9FDBD94287F69F800833F0E /* MacLandmarksTests.swift */; };
		D9FDBD9F287F69F800833F0E /* MacLandmarksUITests.swift in Sources */ = {isa = PBXBuildFile; fileRef = D9FDBD9E287F69F800833F0E /* MacLandmarksUITests.swift */; };
		D9FDBDA1287F69F800833F0E /* MacLandmarksUITestsLaunchTests.swift in Sources */ = {isa = PBXBuildFile; fileRef = D9FDBDA0287F69F800833F0E /* MacLandmarksUITestsLaunchTests.swift */; };
		D9FDBDAB287F6B6B00833F0E /* FavoriteButton.swift in Sources */ = {isa = PBXBuildFile; fileRef = D905D6FC287BA5B2004C2B2B /* FavoriteButton.swift */; };
		D9FDBDAC287F6B6B00833F0E /* LandmarkRow.swift in Sources */ = {isa = PBXBuildFile; fileRef = D905D6F2287B66DD004C2B2B /* LandmarkRow.swift */; };
		D9FDBDAD287F6B6B00833F0E /* Profile.swift in Sources */ = {isa = PBXBuildFile; fileRef = D911749D287CB5A90049D796 /* Profile.swift */; };
		D9FDBDAE287F6B6B00833F0E /* Landmark.swift in Sources */ = {isa = PBXBuildFile; fileRef = D905D6E7287B6226004C2B2B /* Landmark.swift */; };
		D9FDBDAF287F6B6B00833F0E /* landmarksApp.swift in Sources */ = {isa = PBXBuildFile; fileRef = D905D6B0287B56EB004C2B2B /* landmarksApp.swift */; };
		D9FDBDB0287F6B6B00833F0E /* CircleImage.swift in Sources */ = {isa = PBXBuildFile; fileRef = D905D6DF287B5C2D004C2B2B /* CircleImage.swift */; };
		D9FDBDB1287F6B6B00833F0E /* landmarkData.json in Resources */ = {isa = PBXBuildFile; fileRef = D905D6F6287B6929004C2B2B /* landmarkData.json */; };
		D9FDBDB2287F6B6B00833F0E /* hikeData.json in Resources */ = {isa = PBXBuildFile; fileRef = D905D70B287BBF62004C2B2B /* hikeData.json */; };
		D9FDBDB3287F6B6B00833F0E /* ModelData.swift in Sources */ = {isa = PBXBuildFile; fileRef = D905D6E9287B6405004C2B2B /* ModelData.swift */; };
		D9FDBDB4287F6B6B00833F0E /* MapView.swift in Sources */ = {isa = PBXBuildFile; fileRef = D905D6E1287B5E13004C2B2B /* MapView.swift */; };
		D9FDBDB5287F6B6B00833F0E /* Hike.swift in Sources */ = {isa = PBXBuildFile; fileRef = D905D70D287BBF80004C2B2B /* Hike.swift */; };
		D9FDBDB6287F6B6B00833F0E /* Assets.xcassets in Resources */ = {isa = PBXBuildFile; fileRef = D905D6B4287B56ED004C2B2B /* Assets.xcassets */; };
		D9FDBDB7287F6B6B00833F0E /* LandmarkList.swift in Sources */ = {isa = PBXBuildFile; fileRef = D905D6F8287B6A7E004C2B2B /* LandmarkList.swift */; };
		D9FDBDB9287F6D0B00833F0E /* LandmarkDetail.swift in Sources */ = {isa = PBXBuildFile; fileRef = D9FDBDB8287F6D0B00833F0E /* LandmarkDetail.swift */; };
/* End PBXBuildFile section */

/* Begin PBXContainerItemProxy section */
		D905D6C3287B56ED004C2B2B /* PBXContainerItemProxy */ = {
			isa = PBXContainerItemProxy;
			containerPortal = D905D6A5287B56EB004C2B2B /* Project object */;
			proxyType = 1;
			remoteGlobalIDString = D905D6AC287B56EB004C2B2B;
			remoteInfo = landmarks;
		};
		D905D6CD287B56ED004C2B2B /* PBXContainerItemProxy */ = {
			isa = PBXContainerItemProxy;
			containerPortal = D905D6A5287B56EB004C2B2B /* Project object */;
			proxyType = 1;
			remoteGlobalIDString = D905D6AC287B56EB004C2B2B;
			remoteInfo = landmarks;
		};
		D9FDBD91287F69F800833F0E /* PBXContainerItemProxy */ = {
			isa = PBXContainerItemProxy;
			containerPortal = D905D6A5287B56EB004C2B2B /* Project object */;
			proxyType = 1;
			remoteGlobalIDString = D9FDBD7A287F69F700833F0E;
			remoteInfo = MacLandmarks;
		};
		D9FDBD9B287F69F800833F0E /* PBXContainerItemProxy */ = {
			isa = PBXContainerItemProxy;
			containerPortal = D905D6A5287B56EB004C2B2B /* Project object */;
			proxyType = 1;
			remoteGlobalIDString = D9FDBD7A287F69F700833F0E;
			remoteInfo = MacLandmarks;
		};
/* End PBXContainerItemProxy section */

/* Begin PBXFileReference section */
		D905D6AD287B56EB004C2B2B /* landmarks.app */ = {isa = PBXFileReference; explicitFileType = wrapper.application; includeInIndex = 0; path = landmarks.app; sourceTree = BUILT_PRODUCTS_DIR; };
		D905D6B0287B56EB004C2B2B /* landmarksApp.swift */ = {isa = PBXFileReference; lastKnownFileType = sourcecode.swift; path = landmarksApp.swift; sourceTree = "<group>"; };
		D905D6B2287B56EB004C2B2B /* ContentView.swift */ = {isa = PBXFileReference; lastKnownFileType = sourcecode.swift; path = ContentView.swift; sourceTree = "<group>"; };
		D905D6B4287B56ED004C2B2B /* Assets.xcassets */ = {isa = PBXFileReference; lastKnownFileType = folder.assetcatalog; path = Assets.xcassets; sourceTree = "<group>"; };
		D905D6B7287B56ED004C2B2B /* Preview Assets.xcassets */ = {isa = PBXFileReference; lastKnownFileType = folder.assetcatalog; path = "Preview Assets.xcassets"; sourceTree = "<group>"; };
		D905D6B9287B56ED004C2B2B /* Persistence.swift */ = {isa = PBXFileReference; lastKnownFileType = sourcecode.swift; path = Persistence.swift; sourceTree = "<group>"; };
		D905D6BC287B56ED004C2B2B /* landmarks.xcdatamodel */ = {isa = PBXFileReference; lastKnownFileType = wrapper.xcdatamodel; path = landmarks.xcdatamodel; sourceTree = "<group>"; };
		D905D6C2287B56ED004C2B2B /* landmarksTests.xctest */ = {isa = PBXFileReference; explicitFileType = wrapper.cfbundle; includeInIndex = 0; path = landmarksTests.xctest; sourceTree = BUILT_PRODUCTS_DIR; };
		D905D6C6287B56ED004C2B2B /* landmarksTests.swift */ = {isa = PBXFileReference; lastKnownFileType = sourcecode.swift; path = landmarksTests.swift; sourceTree = "<group>"; };
		D905D6CC287B56ED004C2B2B /* landmarksUITests.xctest */ = {isa = PBXFileReference; explicitFileType = wrapper.cfbundle; includeInIndex = 0; path = landmarksUITests.xctest; sourceTree = BUILT_PRODUCTS_DIR; };
		D905D6D0287B56ED004C2B2B /* landmarksUITests.swift */ = {isa = PBXFileReference; lastKnownFileType = sourcecode.swift; path = landmarksUITests.swift; sourceTree = "<group>"; };
		D905D6D2287B56ED004C2B2B /* landmarksUITestsLaunchTests.swift */ = {isa = PBXFileReference; lastKnownFileType = sourcecode.swift; path = landmarksUITestsLaunchTests.swift; sourceTree = "<group>"; };
		D905D6DF287B5C2D004C2B2B /* CircleImage.swift */ = {isa = PBXFileReference; lastKnownFileType = sourcecode.swift; path = CircleImage.swift; sourceTree = "<group>"; };
		D905D6E1287B5E13004C2B2B /* MapView.swift */ = {isa = PBXFileReference; lastKnownFileType = sourcecode.swift; path = MapView.swift; sourceTree = "<group>"; };
		D905D6E7287B6226004C2B2B /* Landmark.swift */ = {isa = PBXFileReference; lastKnownFileType = sourcecode.swift; path = Landmark.swift; sourceTree = "<group>"; };
		D905D6E9287B6405004C2B2B /* ModelData.swift */ = {isa = PBXFileReference; lastKnownFileType = sourcecode.swift; path = ModelData.swift; sourceTree = "<group>"; };
		D905D6F2287B66DD004C2B2B /* LandmarkRow.swift */ = {isa = PBXFileReference; lastKnownFileType = sourcecode.swift; path = LandmarkRow.swift; sourceTree = "<group>"; };
		D905D6F6287B6929004C2B2B /* landmarkData.json */ = {isa = PBXFileReference; fileEncoding = 4; lastKnownFileType = text.json; path = landmarkData.json; sourceTree = "<group>"; };
		D905D6F8287B6A7E004C2B2B /* LandmarkList.swift */ = {isa = PBXFileReference; lastKnownFileType = sourcecode.swift; path = LandmarkList.swift; sourceTree = "<group>"; };
		D905D6FA287B7136004C2B2B /* LandmarkDetail.swift */ = {isa = PBXFileReference; lastKnownFileType = sourcecode.swift; path = LandmarkDetail.swift; sourceTree = "<group>"; };
		D905D6FC287BA5B2004C2B2B /* FavoriteButton.swift */ = {isa = PBXFileReference; lastKnownFileType = sourcecode.swift; path = FavoriteButton.swift; sourceTree = "<group>"; };
		D905D700287BB95C004C2B2B /* HexagonParameters.swift */ = {isa = PBXFileReference; lastKnownFileType = sourcecode.swift; path = HexagonParameters.swift; sourceTree = "<group>"; };
		D905D702287BBA4A004C2B2B /* BadgeBackground.swift */ = {isa = PBXFileReference; lastKnownFileType = sourcecode.swift; path = BadgeBackground.swift; sourceTree = "<group>"; };
		D905D704287BBE08004C2B2B /* BadgeSymbol.swift */ = {isa = PBXFileReference; lastKnownFileType = sourcecode.swift; path = BadgeSymbol.swift; sourceTree = "<group>"; };
		D905D706287BBE5E004C2B2B /* RotatedBadgeSymbol.swift */ = {isa = PBXFileReference; lastKnownFileType = sourcecode.swift; path = RotatedBadgeSymbol.swift; sourceTree = "<group>"; };
		D905D708287BBE8D004C2B2B /* Badge.swift */ = {isa = PBXFileReference; lastKnownFileType = sourcecode.swift; path = Badge.swift; sourceTree = "<group>"; };
		D905D70B287BBF62004C2B2B /* hikeData.json */ = {isa = PBXFileReference; fileEncoding = 4; lastKnownFileType = text.json; path = hikeData.json; sourceTree = "<group>"; };
		D905D70D287BBF80004C2B2B /* Hike.swift */ = {isa = PBXFileReference; lastKnownFileType = sourcecode.swift; path = Hike.swift; sourceTree = "<group>"; };
		D905D710287BC0A0004C2B2B /* GraphCapsule.swift */ = {isa = PBXFileReference; fileEncoding = 4; lastKnownFileType = sourcecode.swift; path = GraphCapsule.swift; sourceTree = "<group>"; };
		D905D711287BC0A0004C2B2B /* HikeGraph.swift */ = {isa = PBXFileReference; fileEncoding = 4; lastKnownFileType = sourcecode.swift; path = HikeGraph.swift; sourceTree = "<group>"; };
		D905D712287BC0A0004C2B2B /* HikeDetail.swift */ = {isa = PBXFileReference; fileEncoding = 4; lastKnownFileType = sourcecode.swift; path = HikeDetail.swift; sourceTree = "<group>"; };
		D905D713287BC0A0004C2B2B /* HikeView.swift */ = {isa = PBXFileReference; fileEncoding = 4; lastKnownFileType = sourcecode.swift; path = HikeView.swift; sourceTree = "<group>"; };
		D905D719287BC52A004C2B2B /* CategoryHome.swift */ = {isa = PBXFileReference; lastKnownFileType = sourcecode.swift; path = CategoryHome.swift; sourceTree = "<group>"; };
		D9117497287C69B00049D796 /* CategoryRow.swift */ = {isa = PBXFileReference; lastKnownFileType = sourcecode.swift; path = CategoryRow.swift; sourceTree = "<group>"; };
		D9117499287CADE10049D796 /* CategoryItem.swift */ = {isa = PBXFileReference; lastKnownFileType = sourcecode.swift; path = CategoryItem.swift; sourceTree = "<group>"; };
		D911749D287CB5A90049D796 /* Profile.swift */ = {isa = PBXFileReference; lastKnownFileType = sourcecode.swift; path = Profile.swift; sourceTree = "<group>"; };
		D91174A0287CB6920049D796 /* ProfileHost.swift */ = {isa = PBXFileReference; lastKnownFileType = sourcecode.swift; path = ProfileHost.swift; sourceTree = "<group>"; };
		D91174A2287CB7AB0049D796 /* ProfileSummary.swift */ = {isa = PBXFileReference; lastKnownFileType = sourcecode.swift; path = ProfileSummary.swift; sourceTree = "<group>"; };
		D91174A4287CBB7E0049D796 /* HikeBadge.swift */ = {isa = PBXFileReference; lastKnownFileType = sourcecode.swift; path = HikeBadge.swift; sourceTree = "<group>"; };
		D98B1996287FB8E9002840A9 /* LandmarkCommands.swift */ = {isa = PBXFileReference; lastKnownFileType = sourcecode.swift; path = LandmarkCommands.swift; sourceTree = "<group>"; };
		D9FDBD75287F628D00833F0E /* ProfileEditor.swift */ = {isa = PBXFileReference; lastKnownFileType = sourcecode.swift; path = ProfileEditor.swift; sourceTree = "<group>"; };
		D9FDBD7B287F69F700833F0E /* MacLandmarks.app */ = {isa = PBXFileReference; explicitFileType = wrapper.application; includeInIndex = 0; path = MacLandmarks.app; sourceTree = BUILT_PRODUCTS_DIR; };
		D9FDBD7F287F69F700833F0E /* ContentView.swift */ = {isa = PBXFileReference; lastKnownFileType = sourcecode.swift; path = ContentView.swift; sourceTree = "<group>"; };
		D9FDBD81287F69F800833F0E /* Assets.xcassets */ = {isa = PBXFileReference; lastKnownFileType = folder.assetcatalog; path = Assets.xcassets; sourceTree = "<group>"; };
		D9FDBD84287F69F800833F0E /* Preview Assets.xcassets */ = {isa = PBXFileReference; lastKnownFileType = folder.assetcatalog; path = "Preview Assets.xcassets"; sourceTree = "<group>"; };
		D9FDBD86287F69F800833F0E /* Persistence.swift */ = {isa = PBXFileReference; lastKnownFileType = sourcecode.swift; path = Persistence.swift; sourceTree = "<group>"; };
		D9FDBD89287F69F800833F0E /* MacLandmarks.xcdatamodel */ = {isa = PBXFileReference; lastKnownFileType = wrapper.xcdatamodel; path = MacLandmarks.xcdatamodel; sourceTree = "<group>"; };
		D9FDBD8B287F69F800833F0E /* MacLandmarks.entitlements */ = {isa = PBXFileReference; lastKnownFileType = text.plist.entitlements; path = MacLandmarks.entitlements; sourceTree = "<group>"; };
		D9FDBD90287F69F800833F0E /* MacLandmarksTests.xctest */ = {isa = PBXFileReference; explicitFileType = wrapper.cfbundle; includeInIndex = 0; path = MacLandmarksTests.xctest; sourceTree = BUILT_PRODUCTS_DIR; };
		D9FDBD94287F69F800833F0E /* MacLandmarksTests.swift */ = {isa = PBXFileReference; lastKnownFileType = sourcecode.swift; path = MacLandmarksTests.swift; sourceTree = "<group>"; };
		D9FDBD9A287F69F800833F0E /* MacLandmarksUITests.xctest */ = {isa = PBXFileReference; explicitFileType = wrapper.cfbundle; includeInIndex = 0; path = MacLandmarksUITests.xctest; sourceTree = BUILT_PRODUCTS_DIR; };
		D9FDBD9E287F69F800833F0E /* MacLandmarksUITests.swift */ = {isa = PBXFileReference; lastKnownFileType = sourcecode.swift; path = MacLandmarksUITests.swift; sourceTree = "<group>"; };
		D9FDBDA0287F69F800833F0E /* MacLandmarksUITestsLaunchTests.swift */ = {isa = PBXFileReference; lastKnownFileType = sourcecode.swift; path = MacLandmarksUITestsLaunchTests.swift; sourceTree = "<group>"; };
		D9FDBDB8287F6D0B00833F0E /* LandmarkDetail.swift */ = {isa = PBXFileReference; lastKnownFileType = sourcecode.swift; path = LandmarkDetail.swift; sourceTree = "<group>"; };
/* End PBXFileReference section */

/* Begin PBXFrameworksBuildPhase section */
		D905D6AA287B56EB004C2B2B /* Frameworks */ = {
			isa = PBXFrameworksBuildPhase;
			buildActionMask = 2147483647;
			files = (
			);
			runOnlyForDeploymentPostprocessing = 0;
		};
		D905D6BF287B56ED004C2B2B /* Frameworks */ = {
			isa = PBXFrameworksBuildPhase;
			buildActionMask = 2147483647;
			files = (
			);
			runOnlyForDeploymentPostprocessing = 0;
		};
		D905D6C9287B56ED004C2B2B /* Frameworks */ = {
			isa = PBXFrameworksBuildPhase;
			buildActionMask = 2147483647;
			files = (
			);
			runOnlyForDeploymentPostprocessing = 0;
		};
		D9FDBD78287F69F700833F0E /* Frameworks */ = {
			isa = PBXFrameworksBuildPhase;
			buildActionMask = 2147483647;
			files = (
			);
			runOnlyForDeploymentPostprocessing = 0;
		};
		D9FDBD8D287F69F800833F0E /* Frameworks */ = {
			isa = PBXFrameworksBuildPhase;
			buildActionMask = 2147483647;
			files = (
			);
			runOnlyForDeploymentPostprocessing = 0;
		};
		D9FDBD97287F69F800833F0E /* Frameworks */ = {
			isa = PBXFrameworksBuildPhase;
			buildActionMask = 2147483647;
			files = (
			);
			runOnlyForDeploymentPostprocessing = 0;
		};
/* End PBXFrameworksBuildPhase section */

/* Begin PBXGroup section */
		D905D6A4287B56EB004C2B2B = {
			isa = PBXGroup;
			children = (
				D905D6AF287B56EB004C2B2B /* landmarks */,
				D905D6C5287B56ED004C2B2B /* landmarksTests */,
				D905D6CF287B56ED004C2B2B /* landmarksUITests */,
				D9FDBD7C287F69F700833F0E /* MacLandmarks */,
				D9FDBD93287F69F800833F0E /* MacLandmarksTests */,
				D9FDBD9D287F69F800833F0E /* MacLandmarksUITests */,
				D905D6AE287B56EB004C2B2B /* Products */,
			);
			sourceTree = "<group>";
		};
		D905D6AE287B56EB004C2B2B /* Products */ = {
			isa = PBXGroup;
			children = (
				D905D6AD287B56EB004C2B2B /* landmarks.app */,
				D905D6C2287B56ED004C2B2B /* landmarksTests.xctest */,
				D905D6CC287B56ED004C2B2B /* landmarksUITests.xctest */,
				D9FDBD7B287F69F700833F0E /* MacLandmarks.app */,
				D9FDBD90287F69F800833F0E /* MacLandmarksTests.xctest */,
				D9FDBD9A287F69F800833F0E /* MacLandmarksUITests.xctest */,
			);
			name = Products;
			sourceTree = "<group>";
		};
		D905D6AF287B56EB004C2B2B /* landmarks */ = {
			isa = PBXGroup;
			children = (
				D905D6EF287B6637004C2B2B /* Resources */,
				D905D6B0287B56EB004C2B2B /* landmarksApp.swift */,
				D905D6EC287B65FD004C2B2B /* Views */,
				D905D6ED287B6619004C2B2B /* Model */,
				D905D6B4287B56ED004C2B2B /* Assets.xcassets */,
				D905D6B9287B56ED004C2B2B /* Persistence.swift */,
				D905D6BB287B56ED004C2B2B /* landmarks.xcdatamodeld */,
				D905D6B6287B56ED004C2B2B /* Preview Content */,
			);
			path = landmarks;
			sourceTree = "<group>";
		};
		D905D6B6287B56ED004C2B2B /* Preview Content */ = {
			isa = PBXGroup;
			children = (
				D905D6B7287B56ED004C2B2B /* Preview Assets.xcassets */,
			);
			path = "Preview Content";
			sourceTree = "<group>";
		};
		D905D6C5287B56ED004C2B2B /* landmarksTests */ = {
			isa = PBXGroup;
			children = (
				D905D6C6287B56ED004C2B2B /* landmarksTests.swift */,
			);
			path = landmarksTests;
			sourceTree = "<group>";
		};
		D905D6CF287B56ED004C2B2B /* landmarksUITests */ = {
			isa = PBXGroup;
			children = (
				D905D6D0287B56ED004C2B2B /* landmarksUITests.swift */,
				D905D6D2287B56ED004C2B2B /* landmarksUITestsLaunchTests.swift */,
			);
			path = landmarksUITests;
			sourceTree = "<group>";
		};
		D905D6EC287B65FD004C2B2B /* Views */ = {
			isa = PBXGroup;
			children = (
				D911749F287CB67F0049D796 /* Profiles */,
				D905D718287BC4F0004C2B2B /* Categories */,
				D905D70F287BC0A0004C2B2B /* Hikes */,
				D905D6B2287B56EB004C2B2B /* ContentView.swift */,
				D905D6FE287BAFAA004C2B2B /* Helpers */,
				D905D6FF287BAFC1004C2B2B /* Landmarks */,
				D905D70A287BBF14004C2B2B /* Badge */,
			);
			path = Views;
			sourceTree = "<group>";
		};
		D905D6ED287B6619004C2B2B /* Model */ = {
			isa = PBXGroup;
			children = (
				D905D6E7287B6226004C2B2B /* Landmark.swift */,
				D905D6E9287B6405004C2B2B /* ModelData.swift */,
				D905D70D287BBF80004C2B2B /* Hike.swift */,
				D911749D287CB5A90049D796 /* Profile.swift */,
			);
			path = Model;
			sourceTree = "<group>";
		};
		D905D6EF287B6637004C2B2B /* Resources */ = {
			isa = PBXGroup;
			children = (
				D905D70B287BBF62004C2B2B /* hikeData.json */,
				D905D6F6287B6929004C2B2B /* landmarkData.json */,
			);
			path = Resources;
			sourceTree = "<group>";
		};
		D905D6FE287BAFAA004C2B2B /* Helpers */ = {
			isa = PBXGroup;
			children = (
				D905D6DF287B5C2D004C2B2B /* CircleImage.swift */,
				D905D6E1287B5E13004C2B2B /* MapView.swift */,
				D905D6FC287BA5B2004C2B2B /* FavoriteButton.swift */,
			);
			path = Helpers;
			sourceTree = "<group>";
		};
		D905D6FF287BAFC1004C2B2B /* Landmarks */ = {
			isa = PBXGroup;
			children = (
				D905D6F2287B66DD004C2B2B /* LandmarkRow.swift */,
				D905D6F8287B6A7E004C2B2B /* LandmarkList.swift */,
				D905D6FA287B7136004C2B2B /* LandmarkDetail.swift */,
				D98B1996287FB8E9002840A9 /* LandmarkCommands.swift */,
			);
			path = Landmarks;
			sourceTree = "<group>";
		};
		D905D70A287BBF14004C2B2B /* Badge */ = {
			isa = PBXGroup;
			children = (
				D905D700287BB95C004C2B2B /* HexagonParameters.swift */,
				D905D702287BBA4A004C2B2B /* BadgeBackground.swift */,
				D905D704287BBE08004C2B2B /* BadgeSymbol.swift */,
				D905D706287BBE5E004C2B2B /* RotatedBadgeSymbol.swift */,
				D905D708287BBE8D004C2B2B /* Badge.swift */,
			);
			path = Badge;
			sourceTree = "<group>";
		};
		D905D70F287BC0A0004C2B2B /* Hikes */ = {
			isa = PBXGroup;
			children = (
				D905D710287BC0A0004C2B2B /* GraphCapsule.swift */,
				D905D711287BC0A0004C2B2B /* HikeGraph.swift */,
				D905D712287BC0A0004C2B2B /* HikeDetail.swift */,
				D905D713287BC0A0004C2B2B /* HikeView.swift */,
				D91174A4287CBB7E0049D796 /* HikeBadge.swift */,
			);
			path = Hikes;
			sourceTree = "<group>";
		};
		D905D718287BC4F0004C2B2B /* Categories */ = {
			isa = PBXGroup;
			children = (
				D905D719287BC52A004C2B2B /* CategoryHome.swift */,
				D9117497287C69B00049D796 /* CategoryRow.swift */,
				D9117499287CADE10049D796 /* CategoryItem.swift */,
			);
			path = Categories;
			sourceTree = "<group>";
		};
		D911749F287CB67F0049D796 /* Profiles */ = {
			isa = PBXGroup;
			children = (
				D91174A0287CB6920049D796 /* ProfileHost.swift */,
				D91174A2287CB7AB0049D796 /* ProfileSummary.swift */,
				D9FDBD75287F628D00833F0E /* ProfileEditor.swift */,
			);
			path = Profiles;
			sourceTree = "<group>";
		};
		D9FDBD7C287F69F700833F0E /* MacLandmarks */ = {
			isa = PBXGroup;
			children = (
				D9FDBD7F287F69F700833F0E /* ContentView.swift */,
				D9FDBD81287F69F800833F0E /* Assets.xcassets */,
				D9FDBD86287F69F800833F0E /* Persistence.swift */,
				D9FDBD8B287F69F800833F0E /* MacLandmarks.entitlements */,
				D9FDBD88287F69F800833F0E /* MacLandmarks.xcdatamodeld */,
				D9FDBD83287F69F800833F0E /* Preview Content */,
				D9FDBDB8287F6D0B00833F0E /* LandmarkDetail.swift */,
			);
			path = MacLandmarks;
			sourceTree = "<group>";
		};
		D9FDBD83287F69F800833F0E /* Preview Content */ = {
			isa = PBXGroup;
			children = (
				D9FDBD84287F69F800833F0E /* Preview Assets.xcassets */,
			);
			path = "Preview Content";
			sourceTree = "<group>";
		};
		D9FDBD93287F69F800833F0E /* MacLandmarksTests */ = {
			isa = PBXGroup;
			children = (
				D9FDBD94287F69F800833F0E /* MacLandmarksTests.swift */,
			);
			path = MacLandmarksTests;
			sourceTree = "<group>";
		};
		D9FDBD9D287F69F800833F0E /* MacLandmarksUITests */ = {
			isa = PBXGroup;
			children = (
				D9FDBD9E287F69F800833F0E /* MacLandmarksUITests.swift */,
				D9FDBDA0287F69F800833F0E /* MacLandmarksUITestsLaunchTests.swift */,
			);
			path = MacLandmarksUITests;
			sourceTree = "<group>";
		};
/* End PBXGroup section */

/* Begin PBXNativeTarget section */
		D905D6AC287B56EB004C2B2B /* landmarks */ = {
			isa = PBXNativeTarget;
			buildConfigurationList = D905D6D6287B56ED004C2B2B /* Build configuration list for PBXNativeTarget "landmarks" */;
			buildPhases = (
				D905D6A9287B56EB004C2B2B /* Sources */,
				D905D6AA287B56EB004C2B2B /* Frameworks */,
				D905D6AB287B56EB004C2B2B /* Resources */,
			);
			buildRules = (
			);
			dependencies = (
			);
			name = landmarks;
			productName = landmarks;
			productReference = D905D6AD287B56EB004C2B2B /* landmarks.app */;
			productType = "com.apple.product-type.application";
		};
		D905D6C1287B56ED004C2B2B /* landmarksTests */ = {
			isa = PBXNativeTarget;
			buildConfigurationList = D905D6D9287B56ED004C2B2B /* Build configuration list for PBXNativeTarget "landmarksTests" */;
			buildPhases = (
				D905D6BE287B56ED004C2B2B /* Sources */,
				D905D6BF287B56ED004C2B2B /* Frameworks */,
				D905D6C0287B56ED004C2B2B /* Resources */,
			);
			buildRules = (
			);
			dependencies = (
				D905D6C4287B56ED004C2B2B /* PBXTargetDependency */,
			);
			name = landmarksTests;
			productName = landmarksTests;
			productReference = D905D6C2287B56ED004C2B2B /* landmarksTests.xctest */;
			productType = "com.apple.product-type.bundle.unit-test";
		};
		D905D6CB287B56ED004C2B2B /* landmarksUITests */ = {
			isa = PBXNativeTarget;
			buildConfigurationList = D905D6DC287B56ED004C2B2B /* Build configuration list for PBXNativeTarget "landmarksUITests" */;
			buildPhases = (
				D905D6C8287B56ED004C2B2B /* Sources */,
				D905D6C9287B56ED004C2B2B /* Frameworks */,
				D905D6CA287B56ED004C2B2B /* Resources */,
			);
			buildRules = (
			);
			dependencies = (
				D905D6CE287B56ED004C2B2B /* PBXTargetDependency */,
			);
			name = landmarksUITests;
			productName = landmarksUITests;
			productReference = D905D6CC287B56ED004C2B2B /* landmarksUITests.xctest */;
			productType = "com.apple.product-type.bundle.ui-testing";
		};
		D9FDBD7A287F69F700833F0E /* MacLandmarks */ = {
			isa = PBXNativeTarget;
			buildConfigurationList = D9FDBDA2287F69F800833F0E /* Build configuration list for PBXNativeTarget "MacLandmarks" */;
			buildPhases = (
				D9FDBD77287F69F700833F0E /* Sources */,
				D9FDBD78287F69F700833F0E /* Frameworks */,
				D9FDBD79287F69F700833F0E /* Resources */,
			);
			buildRules = (
			);
			dependencies = (
			);
			name = MacLandmarks;
			productName = MacLandmarks;
			productReference = D9FDBD7B287F69F700833F0E /* MacLandmarks.app */;
			productType = "com.apple.product-type.application";
		};
		D9FDBD8F287F69F800833F0E /* MacLandmarksTests */ = {
			isa = PBXNativeTarget;
			buildConfigurationList = D9FDBDA5287F69F800833F0E /* Build configuration list for PBXNativeTarget "MacLandmarksTests" */;
			buildPhases = (
				D9FDBD8C287F69F800833F0E /* Sources */,
				D9FDBD8D287F69F800833F0E /* Frameworks */,
				D9FDBD8E287F69F800833F0E /* Resources */,
			);
			buildRules = (
			);
			dependencies = (
				D9FDBD92287F69F800833F0E /* PBXTargetDependency */,
			);
			name = MacLandmarksTests;
			productName = MacLandmarksTests;
			productReference = D9FDBD90287F69F800833F0E /* MacLandmarksTests.xctest */;
			productType = "com.apple.product-type.bundle.unit-test";
		};
		D9FDBD99287F69F800833F0E /* MacLandmarksUITests */ = {
			isa = PBXNativeTarget;
			buildConfigurationList = D9FDBDA8287F69F800833F0E /* Build configuration list for PBXNativeTarget "MacLandmarksUITests" */;
			buildPhases = (
				D9FDBD96287F69F800833F0E /* Sources */,
				D9FDBD97287F69F800833F0E /* Frameworks */,
				D9FDBD98287F69F800833F0E /* Resources */,
			);
			buildRules = (
			);
			dependencies = (
				D9FDBD9C287F69F800833F0E /* PBXTargetDependency */,
			);
			name = MacLandmarksUITests;
			productName = MacLandmarksUITests;
			productReference = D9FDBD9A287F69F800833F0E /* MacLandmarksUITests.xctest */;
			productType = "com.apple.product-type.bundle.ui-testing";
		};
/* End PBXNativeTarget section */

/* Begin PBXProject section */
		D905D6A5287B56EB004C2B2B /* Project object */ = {
			isa = PBXProject;
			attributes = {
				BuildIndependentTargetsInParallel = 1;
				LastSwiftUpdateCheck = 1340;
				LastUpgradeCheck = 1340;
				TargetAttributes = {
					D905D6AC287B56EB004C2B2B = {
						CreatedOnToolsVersion = 13.4.1;
					};
					D905D6C1287B56ED004C2B2B = {
						CreatedOnToolsVersion = 13.4.1;
						TestTargetID = D905D6AC287B56EB004C2B2B;
					};
					D905D6CB287B56ED004C2B2B = {
						CreatedOnToolsVersion = 13.4.1;
						TestTargetID = D905D6AC287B56EB004C2B2B;
					};
					D9FDBD7A287F69F700833F0E = {
						CreatedOnToolsVersion = 13.4.1;
					};
					D9FDBD8F287F69F800833F0E = {
						CreatedOnToolsVersion = 13.4.1;
						TestTargetID = D9FDBD7A287F69F700833F0E;
					};
					D9FDBD99287F69F800833F0E = {
						CreatedOnToolsVersion = 13.4.1;
						TestTargetID = D9FDBD7A287F69F700833F0E;
					};
				};
			};
			buildConfigurationList = D905D6A8287B56EB004C2B2B /* Build configuration list for PBXProject "landmarks" */;
			compatibilityVersion = "Xcode 13.0";
			developmentRegion = en;
			hasScannedForEncodings = 0;
			knownRegions = (
				en,
				Base,
			);
			mainGroup = D905D6A4287B56EB004C2B2B;
			productRefGroup = D905D6AE287B56EB004C2B2B /* Products */;
			projectDirPath = "";
			projectRoot = "";
			targets = (
				D905D6AC287B56EB004C2B2B /* landmarks */,
				D905D6C1287B56ED004C2B2B /* landmarksTests */,
				D905D6CB287B56ED004C2B2B /* landmarksUITests */,
				D9FDBD7A287F69F700833F0E /* MacLandmarks */,
				D9FDBD8F287F69F800833F0E /* MacLandmarksTests */,
				D9FDBD99287F69F800833F0E /* MacLandmarksUITests */,
			);
		};
/* End PBXProject section */

/* Begin PBXResourcesBuildPhase section */
		D905D6AB287B56EB004C2B2B /* Resources */ = {
			isa = PBXResourcesBuildPhase;
			buildActionMask = 2147483647;
			files = (
				D905D70C287BBF62004C2B2B /* hikeData.json in Resources */,
				D905D6B8287B56ED004C2B2B /* Preview Assets.xcassets in Resources */,
				D905D6F7287B6929004C2B2B /* landmarkData.json in Resources */,
				D905D6B5287B56ED004C2B2B /* Assets.xcassets in Resources */,
			);
			runOnlyForDeploymentPostprocessing = 0;
		};
		D905D6C0287B56ED004C2B2B /* Resources */ = {
			isa = PBXResourcesBuildPhase;
			buildActionMask = 2147483647;
			files = (
			);
			runOnlyForDeploymentPostprocessing = 0;
		};
		D905D6CA287B56ED004C2B2B /* Resources */ = {
			isa = PBXResourcesBuildPhase;
			buildActionMask = 2147483647;
			files = (
			);
			runOnlyForDeploymentPostprocessing = 0;
		};
		D9FDBD79287F69F700833F0E /* Resources */ = {
			isa = PBXResourcesBuildPhase;
			buildActionMask = 2147483647;
			files = (
				D9FDBDB2287F6B6B00833F0E /* hikeData.json in Resources */,
				D9FDBD85287F69F800833F0E /* Preview Assets.xcassets in Resources */,
				D9FDBD82287F69F800833F0E /* Assets.xcassets in Resources */,
				D9FDBDB1287F6B6B00833F0E /* landmarkData.json in Resources */,
				D9FDBDB6287F6B6B00833F0E /* Assets.xcassets in Resources */,
			);
			runOnlyForDeploymentPostprocessing = 0;
		};
		D9FDBD8E287F69F800833F0E /* Resources */ = {
			isa = PBXResourcesBuildPhase;
			buildActionMask = 2147483647;
			files = (
			);
			runOnlyForDeploymentPostprocessing = 0;
		};
		D9FDBD98287F69F800833F0E /* Resources */ = {
			isa = PBXResourcesBuildPhase;
			buildActionMask = 2147483647;
			files = (
			);
			runOnlyForDeploymentPostprocessing = 0;
		};
/* End PBXResourcesBuildPhase section */

/* Begin PBXSourcesBuildPhase section */
		D905D6A9287B56EB004C2B2B /* Sources */ = {
			isa = PBXSourcesBuildPhase;
			buildActionMask = 2147483647;
			files = (
				D905D6E8287B6226004C2B2B /* Landmark.swift in Sources */,
				D905D709287BBE8D004C2B2B /* Badge.swift in Sources */,
				D9FDBD76287F628D00833F0E /* ProfileEditor.swift in Sources */,
				D91174A3287CB7AB0049D796 /* ProfileSummary.swift in Sources */,
				D905D6BA287B56ED004C2B2B /* Persistence.swift in Sources */,
				D98B1997287FB8E9002840A9 /* LandmarkCommands.swift in Sources */,
				D911749E287CB5A90049D796 /* Profile.swift in Sources */,
				D905D6E2287B5E13004C2B2B /* MapView.swift in Sources */,
				D905D6FD287BA5B2004C2B2B /* FavoriteButton.swift in Sources */,
				D91174A1287CB6920049D796 /* ProfileHost.swift in Sources */,
				D905D6B3287B56EB004C2B2B /* ContentView.swift in Sources */,
				D905D70E287BBF80004C2B2B /* Hike.swift in Sources */,
				D905D6B1287B56EB004C2B2B /* landmarksApp.swift in Sources */,
				D905D6EA287B6405004C2B2B /* ModelData.swift in Sources */,
				D905D6FB287B7136004C2B2B /* LandmarkDetail.swift in Sources */,
				D9117498287C69B00049D796 /* CategoryRow.swift in Sources */,
				D905D705287BBE08004C2B2B /* BadgeSymbol.swift in Sources */,
				D905D716287BC0A0004C2B2B /* HikeDetail.swift in Sources */,
				D905D6BD287B56ED004C2B2B /* landmarks.xcdatamodeld in Sources */,
				D905D717287BC0A0004C2B2B /* HikeView.swift in Sources */,
				D905D703287BBA4A004C2B2B /* BadgeBackground.swift in Sources */,
				D905D715287BC0A0004C2B2B /* HikeGraph.swift in Sources */,
				D905D701287BB95C004C2B2B /* HexagonParameters.swift in Sources */,
				D91174A5287CBB7E0049D796 /* HikeBadge.swift in Sources */,
				D911749A287CADE10049D796 /* CategoryItem.swift in Sources */,
				D905D6E0287B5C2D004C2B2B /* CircleImage.swift in Sources */,
				D905D6F3287B66DD004C2B2B /* LandmarkRow.swift in Sources */,
				D905D6F9287B6A7E004C2B2B /* LandmarkList.swift in Sources */,
				D905D714287BC0A0004C2B2B /* GraphCapsule.swift in Sources */,
				D905D71A287BC52A004C2B2B /* CategoryHome.swift in Sources */,
				D905D707287BBE5E004C2B2B /* RotatedBadgeSymbol.swift in Sources */,
			);
			runOnlyForDeploymentPostprocessing = 0;
		};
		D905D6BE287B56ED004C2B2B /* Sources */ = {
			isa = PBXSourcesBuildPhase;
			buildActionMask = 2147483647;
			files = (
				D905D6C7287B56ED004C2B2B /* landmarksTests.swift in Sources */,
			);
			runOnlyForDeploymentPostprocessing = 0;
		};
		D905D6C8287B56ED004C2B2B /* Sources */ = {
			isa = PBXSourcesBuildPhase;
			buildActionMask = 2147483647;
			files = (
				D905D6D3287B56ED004C2B2B /* landmarksUITestsLaunchTests.swift in Sources */,
				D905D6D1287B56ED004C2B2B /* landmarksUITests.swift in Sources */,
			);
			runOnlyForDeploymentPostprocessing = 0;
		};
		D9FDBD77287F69F700833F0E /* Sources */ = {
			isa = PBXSourcesBuildPhase;
			buildActionMask = 2147483647;
			files = (
				D9FDBDAE287F6B6B00833F0E /* Landmark.swift in Sources */,
				D9FDBD87287F69F800833F0E /* Persistence.swift in Sources */,
				D9FDBDAD287F6B6B00833F0E /* Profile.swift in Sources */,
				D9FDBDB4287F6B6B00833F0E /* MapView.swift in Sources */,
				D9FDBDB7287F6B6B00833F0E /* LandmarkList.swift in Sources */,
				D9FDBDAF287F6B6B00833F0E /* landmarksApp.swift in Sources */,
				D9FDBDB9287F6D0B00833F0E /* LandmarkDetail.swift in Sources */,
				D9FDBD80287F69F700833F0E /* ContentView.swift in Sources */,
				D98B1998287FB8E9002840A9 /* LandmarkCommands.swift in Sources */,
				D9FDBDB5287F6B6B00833F0E /* Hike.swift in Sources */,
				D9FDBDB0287F6B6B00833F0E /* CircleImage.swift in Sources */,
				D9FDBD8A287F69F800833F0E /* MacLandmarks.xcdatamodeld in Sources */,
				D9FDBDB3287F6B6B00833F0E /* ModelData.swift in Sources */,
				D9FDBDAC287F6B6B00833F0E /* LandmarkRow.swift in Sources */,
				D9FDBDAB287F6B6B00833F0E /* FavoriteButton.swift in Sources */,
			);
			runOnlyForDeploymentPostprocessing = 0;
		};
		D9FDBD8C287F69F800833F0E /* Sources */ = {
			isa = PBXSourcesBuildPhase;
			buildActionMask = 2147483647;
			files = (
				D9FDBD95287F69F800833F0E /* MacLandmarksTests.swift in Sources */,
			);
			runOnlyForDeploymentPostprocessing = 0;
		};
		D9FDBD96287F69F800833F0E /* Sources */ = {
			isa = PBXSourcesBuildPhase;
			buildActionMask = 2147483647;
			files = (
				D9FDBDA1287F69F800833F0E /* MacLandmarksUITestsLaunchTests.swift in Sources */,
				D9FDBD9F287F69F800833F0E /* MacLandmarksUITests.swift in Sources */,
			);
			runOnlyForDeploymentPostprocessing = 0;
		};
/* End PBXSourcesBuildPhase section */

/* Begin PBXTargetDependency section */
		D905D6C4287B56ED004C2B2B /* PBXTargetDependency */ = {
			isa = PBXTargetDependency;
			target = D905D6AC287B56EB004C2B2B /* landmarks */;
			targetProxy = D905D6C3287B56ED004C2B2B /* PBXContainerItemProxy */;
		};
		D905D6CE287B56ED004C2B2B /* PBXTargetDependency */ = {
			isa = PBXTargetDependency;
			target = D905D6AC287B56EB004C2B2B /* landmarks */;
			targetProxy = D905D6CD287B56ED004C2B2B /* PBXContainerItemProxy */;
		};
		D9FDBD92287F69F800833F0E /* PBXTargetDependency */ = {
			isa = PBXTargetDependency;
			target = D9FDBD7A287F69F700833F0E /* MacLandmarks */;
			targetProxy = D9FDBD91287F69F800833F0E /* PBXContainerItemProxy */;
		};
		D9FDBD9C287F69F800833F0E /* PBXTargetDependency */ = {
			isa = PBXTargetDependency;
			target = D9FDBD7A287F69F700833F0E /* MacLandmarks */;
			targetProxy = D9FDBD9B287F69F800833F0E /* PBXContainerItemProxy */;
		};
/* End PBXTargetDependency section */

/* Begin XCBuildConfiguration section */
		D905D6D4287B56ED004C2B2B /* Debug */ = {
			isa = XCBuildConfiguration;
			buildSettings = {
				ALWAYS_SEARCH_USER_PATHS = NO;
				CLANG_ANALYZER_NONNULL = YES;
				CLANG_ANALYZER_NUMBER_OBJECT_CONVERSION = YES_AGGRESSIVE;
				CLANG_CXX_LANGUAGE_STANDARD = "gnu++17";
				CLANG_ENABLE_MODULES = YES;
				CLANG_ENABLE_OBJC_ARC = YES;
				CLANG_ENABLE_OBJC_WEAK = YES;
				CLANG_WARN_BLOCK_CAPTURE_AUTORELEASING = YES;
				CLANG_WARN_BOOL_CONVERSION = YES;
				CLANG_WARN_COMMA = YES;
				CLANG_WARN_CONSTANT_CONVERSION = YES;
				CLANG_WARN_DEPRECATED_OBJC_IMPLEMENTATIONS = YES;
				CLANG_WARN_DIRECT_OBJC_ISA_USAGE = YES_ERROR;
				CLANG_WARN_DOCUMENTATION_COMMENTS = YES;
				CLANG_WARN_EMPTY_BODY = YES;
				CLANG_WARN_ENUM_CONVERSION = YES;
				CLANG_WARN_INFINITE_RECURSION = YES;
				CLANG_WARN_INT_CONVERSION = YES;
				CLANG_WARN_NON_LITERAL_NULL_CONVERSION = YES;
				CLANG_WARN_OBJC_IMPLICIT_RETAIN_SELF = YES;
				CLANG_WARN_OBJC_LITERAL_CONVERSION = YES;
				CLANG_WARN_OBJC_ROOT_CLASS = YES_ERROR;
				CLANG_WARN_QUOTED_INCLUDE_IN_FRAMEWORK_HEADER = YES;
				CLANG_WARN_RANGE_LOOP_ANALYSIS = YES;
				CLANG_WARN_STRICT_PROTOTYPES = YES;
				CLANG_WARN_SUSPICIOUS_MOVE = YES;
				CLANG_WARN_UNGUARDED_AVAILABILITY = YES_AGGRESSIVE;
				CLANG_WARN_UNREACHABLE_CODE = YES;
				CLANG_WARN__DUPLICATE_METHOD_MATCH = YES;
				COPY_PHASE_STRIP = NO;
				DEBUG_INFORMATION_FORMAT = dwarf;
				ENABLE_STRICT_OBJC_MSGSEND = YES;
				ENABLE_TESTABILITY = YES;
				GCC_C_LANGUAGE_STANDARD = gnu11;
				GCC_DYNAMIC_NO_PIC = NO;
				GCC_NO_COMMON_BLOCKS = YES;
				GCC_OPTIMIZATION_LEVEL = 0;
				GCC_PREPROCESSOR_DEFINITIONS = (
					"DEBUG=1",
					"$(inherited)",
				);
				GCC_WARN_64_TO_32_BIT_CONVERSION = YES;
				GCC_WARN_ABOUT_RETURN_TYPE = YES_ERROR;
				GCC_WARN_UNDECLARED_SELECTOR = YES;
				GCC_WARN_UNINITIALIZED_AUTOS = YES_AGGRESSIVE;
				GCC_WARN_UNUSED_FUNCTION = YES;
				GCC_WARN_UNUSED_VARIABLE = YES;
				IPHONEOS_DEPLOYMENT_TARGET = 15.5;
				MTL_ENABLE_DEBUG_INFO = INCLUDE_SOURCE;
				MTL_FAST_MATH = YES;
				ONLY_ACTIVE_ARCH = YES;
				SDKROOT = iphoneos;
				SWIFT_ACTIVE_COMPILATION_CONDITIONS = DEBUG;
				SWIFT_OPTIMIZATION_LEVEL = "-Onone";
			};
			name = Debug;
		};
		D905D6D5287B56ED004C2B2B /* Release */ = {
			isa = XCBuildConfiguration;
			buildSettings = {
				ALWAYS_SEARCH_USER_PATHS = NO;
				CLANG_ANALYZER_NONNULL = YES;
				CLANG_ANALYZER_NUMBER_OBJECT_CONVERSION = YES_AGGRESSIVE;
				CLANG_CXX_LANGUAGE_STANDARD = "gnu++17";
				CLANG_ENABLE_MODULES = YES;
				CLANG_ENABLE_OBJC_ARC = YES;
				CLANG_ENABLE_OBJC_WEAK = YES;
				CLANG_WARN_BLOCK_CAPTURE_AUTORELEASING = YES;
				CLANG_WARN_BOOL_CONVERSION = YES;
				CLANG_WARN_COMMA = YES;
				CLANG_WARN_CONSTANT_CONVERSION = YES;
				CLANG_WARN_DEPRECATED_OBJC_IMPLEMENTATIONS = YES;
				CLANG_WARN_DIRECT_OBJC_ISA_USAGE = YES_ERROR;
				CLANG_WARN_DOCUMENTATION_COMMENTS = YES;
				CLANG_WARN_EMPTY_BODY = YES;
				CLANG_WARN_ENUM_CONVERSION = YES;
				CLANG_WARN_INFINITE_RECURSION = YES;
				CLANG_WARN_INT_CONVERSION = YES;
				CLANG_WARN_NON_LITERAL_NULL_CONVERSION = YES;
				CLANG_WARN_OBJC_IMPLICIT_RETAIN_SELF = YES;
				CLANG_WARN_OBJC_LITERAL_CONVERSION = YES;
				CLANG_WARN_OBJC_ROOT_CLASS = YES_ERROR;
				CLANG_WARN_QUOTED_INCLUDE_IN_FRAMEWORK_HEADER = YES;
				CLANG_WARN_RANGE_LOOP_ANALYSIS = YES;
				CLANG_WARN_STRICT_PROTOTYPES = YES;
				CLANG_WARN_SUSPICIOUS_MOVE = YES;
				CLANG_WARN_UNGUARDED_AVAILABILITY = YES_AGGRESSIVE;
				CLANG_WARN_UNREACHABLE_CODE = YES;
				CLANG_WARN__DUPLICATE_METHOD_MATCH = YES;
				COPY_PHASE_STRIP = NO;
				DEBUG_INFORMATION_FORMAT = "dwarf-with-dsym";
				ENABLE_NS_ASSERTIONS = NO;
				ENABLE_STRICT_OBJC_MSGSEND = YES;
				GCC_C_LANGUAGE_STANDARD = gnu11;
				GCC_NO_COMMON_BLOCKS = YES;
				GCC_WARN_64_TO_32_BIT_CONVERSION = YES;
				GCC_WARN_ABOUT_RETURN_TYPE = YES_ERROR;
				GCC_WARN_UNDECLARED_SELECTOR = YES;
				GCC_WARN_UNINITIALIZED_AUTOS = YES_AGGRESSIVE;
				GCC_WARN_UNUSED_FUNCTION = YES;
				GCC_WARN_UNUSED_VARIABLE = YES;
				IPHONEOS_DEPLOYMENT_TARGET = 15.5;
				MTL_ENABLE_DEBUG_INFO = NO;
				MTL_FAST_MATH = YES;
				SDKROOT = iphoneos;
				SWIFT_COMPILATION_MODE = wholemodule;
				SWIFT_OPTIMIZATION_LEVEL = "-O";
				VALIDATE_PRODUCT = YES;
			};
			name = Release;
		};
		D905D6D7287B56ED004C2B2B /* Debug */ = {
			isa = XCBuildConfiguration;
			buildSettings = {
				ASSETCATALOG_COMPILER_APPICON_NAME = AppIcon;
				ASSETCATALOG_COMPILER_GLOBAL_ACCENT_COLOR_NAME = AccentColor;
				CODE_SIGN_STYLE = Automatic;
				CURRENT_PROJECT_VERSION = 1;
				DEVELOPMENT_ASSET_PATHS = "\"landmarks/Preview Content\"";
				DEVELOPMENT_TEAM = X95URU6FD9;
				ENABLE_PREVIEWS = YES;
				GENERATE_INFOPLIST_FILE = YES;
				INFOPLIST_KEY_UIApplicationSceneManifest_Generation = YES;
				INFOPLIST_KEY_UIApplicationSupportsIndirectInputEvents = YES;
				INFOPLIST_KEY_UILaunchScreen_Generation = YES;
				INFOPLIST_KEY_UISupportedInterfaceOrientations_iPad = "UIInterfaceOrientationPortrait UIInterfaceOrientationPortraitUpsideDown UIInterfaceOrientationLandscapeLeft UIInterfaceOrientationLandscapeRight";
				INFOPLIST_KEY_UISupportedInterfaceOrientations_iPhone = "UIInterfaceOrientationPortrait UIInterfaceOrientationLandscapeLeft UIInterfaceOrientationLandscapeRight";
				LD_RUNPATH_SEARCH_PATHS = (
					"$(inherited)",
					"@executable_path/Frameworks",
				);
				MARKETING_VERSION = 1.0;
				PRODUCT_BUNDLE_IDENTIFIER = alexspurlock.landmarks;
				PRODUCT_NAME = "$(TARGET_NAME)";
				SWIFT_EMIT_LOC_STRINGS = YES;
				SWIFT_VERSION = 5.0;
				TARGETED_DEVICE_FAMILY = "1,2";
			};
			name = Debug;
		};
		D905D6D8287B56ED004C2B2B /* Release */ = {
			isa = XCBuildConfiguration;
			buildSettings = {
				ASSETCATALOG_COMPILER_APPICON_NAME = AppIcon;
				ASSETCATALOG_COMPILER_GLOBAL_ACCENT_COLOR_NAME = AccentColor;
				CODE_SIGN_STYLE = Automatic;
				CURRENT_PROJECT_VERSION = 1;
				DEVELOPMENT_ASSET_PATHS = "\"landmarks/Preview Content\"";
				DEVELOPMENT_TEAM = X95URU6FD9;
				ENABLE_PREVIEWS = YES;
				GENERATE_INFOPLIST_FILE = YES;
				INFOPLIST_KEY_UIApplicationSceneManifest_Generation = YES;
				INFOPLIST_KEY_UIApplicationSupportsIndirectInputEvents = YES;
				INFOPLIST_KEY_UILaunchScreen_Generation = YES;
				INFOPLIST_KEY_UISupportedInterfaceOrientations_iPad = "UIInterfaceOrientationPortrait UIInterfaceOrientationPortraitUpsideDown UIInterfaceOrientationLandscapeLeft UIInterfaceOrientationLandscapeRight";
				INFOPLIST_KEY_UISupportedInterfaceOrientations_iPhone = "UIInterfaceOrientationPortrait UIInterfaceOrientationLandscapeLeft UIInterfaceOrientationLandscapeRight";
				LD_RUNPATH_SEARCH_PATHS = (
					"$(inherited)",
					"@executable_path/Frameworks",
				);
				MARKETING_VERSION = 1.0;
				PRODUCT_BUNDLE_IDENTIFIER = alexspurlock.landmarks;
				PRODUCT_NAME = "$(TARGET_NAME)";
				SWIFT_EMIT_LOC_STRINGS = YES;
				SWIFT_VERSION = 5.0;
				TARGETED_DEVICE_FAMILY = "1,2";
			};
			name = Release;
		};
		D905D6DA287B56ED004C2B2B /* Debug */ = {
			isa = XCBuildConfiguration;
			buildSettings = {
				ALWAYS_EMBED_SWIFT_STANDARD_LIBRARIES = YES;
				BUNDLE_LOADER = "$(TEST_HOST)";
				CODE_SIGN_STYLE = Automatic;
				CURRENT_PROJECT_VERSION = 1;
				DEVELOPMENT_TEAM = X95URU6FD9;
				GENERATE_INFOPLIST_FILE = YES;
				IPHONEOS_DEPLOYMENT_TARGET = 15.5;
				MARKETING_VERSION = 1.0;
				PRODUCT_BUNDLE_IDENTIFIER = alexspurlock.landmarksTests;
				PRODUCT_NAME = "$(TARGET_NAME)";
				SWIFT_EMIT_LOC_STRINGS = NO;
				SWIFT_VERSION = 5.0;
				TARGETED_DEVICE_FAMILY = "1,2";
				TEST_HOST = "$(BUILT_PRODUCTS_DIR)/landmarks.app/landmarks";
			};
			name = Debug;
		};
		D905D6DB287B56ED004C2B2B /* Release */ = {
			isa = XCBuildConfiguration;
			buildSettings = {
				ALWAYS_EMBED_SWIFT_STANDARD_LIBRARIES = YES;
				BUNDLE_LOADER = "$(TEST_HOST)";
				CODE_SIGN_STYLE = Automatic;
				CURRENT_PROJECT_VERSION = 1;
				DEVELOPMENT_TEAM = X95URU6FD9;
				GENERATE_INFOPLIST_FILE = YES;
				IPHONEOS_DEPLOYMENT_TARGET = 15.5;
				MARKETING_VERSION = 1.0;
				PRODUCT_BUNDLE_IDENTIFIER = alexspurlock.landmarksTests;
				PRODUCT_NAME = "$(TARGET_NAME)";
				SWIFT_EMIT_LOC_STRINGS = NO;
				SWIFT_VERSION = 5.0;
				TARGETED_DEVICE_FAMILY = "1,2";
				TEST_HOST = "$(BUILT_PRODUCTS_DIR)/landmarks.app/landmarks";
			};
			name = Release;
		};
		D905D6DD287B56ED004C2B2B /* Debug */ = {
			isa = XCBuildConfiguration;
			buildSettings = {
				ALWAYS_EMBED_SWIFT_STANDARD_LIBRARIES = YES;
				CODE_SIGN_STYLE = Automatic;
				CURRENT_PROJECT_VERSION = 1;
				DEVELOPMENT_TEAM = X95URU6FD9;
				GENERATE_INFOPLIST_FILE = YES;
				MARKETING_VERSION = 1.0;
				PRODUCT_BUNDLE_IDENTIFIER = alexspurlock.landmarksUITests;
				PRODUCT_NAME = "$(TARGET_NAME)";
				SWIFT_EMIT_LOC_STRINGS = NO;
				SWIFT_VERSION = 5.0;
				TARGETED_DEVICE_FAMILY = "1,2";
				TEST_TARGET_NAME = landmarks;
			};
			name = Debug;
		};
		D905D6DE287B56ED004C2B2B /* Release */ = {
			isa = XCBuildConfiguration;
			buildSettings = {
				ALWAYS_EMBED_SWIFT_STANDARD_LIBRARIES = YES;
				CODE_SIGN_STYLE = Automatic;
				CURRENT_PROJECT_VERSION = 1;
				DEVELOPMENT_TEAM = X95URU6FD9;
				GENERATE_INFOPLIST_FILE = YES;
				MARKETING_VERSION = 1.0;
				PRODUCT_BUNDLE_IDENTIFIER = alexspurlock.landmarksUITests;
				PRODUCT_NAME = "$(TARGET_NAME)";
				SWIFT_EMIT_LOC_STRINGS = NO;
				SWIFT_VERSION = 5.0;
				TARGETED_DEVICE_FAMILY = "1,2";
				TEST_TARGET_NAME = landmarks;
			};
			name = Release;
		};
		D9FDBDA3287F69F800833F0E /* Debug */ = {
			isa = XCBuildConfiguration;
			buildSettings = {
				ASSETCATALOG_COMPILER_APPICON_NAME = AppIcon;
				ASSETCATALOG_COMPILER_GLOBAL_ACCENT_COLOR_NAME = AccentColor;
				CODE_SIGN_ENTITLEMENTS = MacLandmarks/MacLandmarks.entitlements;
				CODE_SIGN_STYLE = Automatic;
				COMBINE_HIDPI_IMAGES = YES;
				CURRENT_PROJECT_VERSION = 1;
				DEVELOPMENT_ASSET_PATHS = "\"MacLandmarks/Preview Content\"";
				DEVELOPMENT_TEAM = X95URU6FD9;
				ENABLE_HARDENED_RUNTIME = YES;
				ENABLE_PREVIEWS = YES;
				GENERATE_INFOPLIST_FILE = YES;
				INFOPLIST_KEY_NSHumanReadableCopyright = "";
				LD_RUNPATH_SEARCH_PATHS = (
					"$(inherited)",
					"@executable_path/../Frameworks",
				);
				MACOSX_DEPLOYMENT_TARGET = 12.3;
				MARKETING_VERSION = 1.0;
				PRODUCT_BUNDLE_IDENTIFIER = alexspurlock.MacLandmarks;
				PRODUCT_NAME = "$(TARGET_NAME)";
				SDKROOT = macosx;
				SWIFT_EMIT_LOC_STRINGS = YES;
				SWIFT_VERSION = 5.0;
			};
			name = Debug;
		};
		D9FDBDA4287F69F800833F0E /* Release */ = {
			isa = XCBuildConfiguration;
			buildSettings = {
				ASSETCATALOG_COMPILER_APPICON_NAME = AppIcon;
				ASSETCATALOG_COMPILER_GLOBAL_ACCENT_COLOR_NAME = AccentColor;
				CODE_SIGN_ENTITLEMENTS = MacLandmarks/MacLandmarks.entitlements;
				CODE_SIGN_STYLE = Automatic;
				COMBINE_HIDPI_IMAGES = YES;
				CURRENT_PROJECT_VERSION = 1;
				DEVELOPMENT_ASSET_PATHS = "\"MacLandmarks/Preview Content\"";
				DEVELOPMENT_TEAM = X95URU6FD9;
				ENABLE_HARDENED_RUNTIME = YES;
				ENABLE_PREVIEWS = YES;
				GENERATE_INFOPLIST_FILE = YES;
				INFOPLIST_KEY_NSHumanReadableCopyright = "";
				LD_RUNPATH_SEARCH_PATHS = (
					"$(inherited)",
					"@executable_path/../Frameworks",
				);
				MACOSX_DEPLOYMENT_TARGET = 12.3;
				MARKETING_VERSION = 1.0;
				PRODUCT_BUNDLE_IDENTIFIER = alexspurlock.MacLandmarks;
				PRODUCT_NAME = "$(TARGET_NAME)";
				SDKROOT = macosx;
				SWIFT_EMIT_LOC_STRINGS = YES;
				SWIFT_VERSION = 5.0;
			};
			name = Release;
		};
		D9FDBDA6287F69F800833F0E /* Debug */ = {
			isa = XCBuildConfiguration;
			buildSettings = {
				ALWAYS_EMBED_SWIFT_STANDARD_LIBRARIES = YES;
				BUNDLE_LOADER = "$(TEST_HOST)";
				CODE_SIGN_STYLE = Automatic;
				CURRENT_PROJECT_VERSION = 1;
				DEVELOPMENT_TEAM = X95URU6FD9;
				GENERATE_INFOPLIST_FILE = YES;
				MACOSX_DEPLOYMENT_TARGET = 12.3;
				MARKETING_VERSION = 1.0;
				PRODUCT_BUNDLE_IDENTIFIER = alexspurlock.MacLandmarksTests;
				PRODUCT_NAME = "$(TARGET_NAME)";
				SDKROOT = macosx;
				SWIFT_EMIT_LOC_STRINGS = NO;
				SWIFT_VERSION = 5.0;
				TEST_HOST = "$(BUILT_PRODUCTS_DIR)/MacLandmarks.app/Contents/MacOS/MacLandmarks";
			};
			name = Debug;
		};
		D9FDBDA7287F69F800833F0E /* Release */ = {
			isa = XCBuildConfiguration;
			buildSettings = {
				ALWAYS_EMBED_SWIFT_STANDARD_LIBRARIES = YES;
				BUNDLE_LOADER = "$(TEST_HOST)";
				CODE_SIGN_STYLE = Automatic;
				CURRENT_PROJECT_VERSION = 1;
				DEVELOPMENT_TEAM = X95URU6FD9;
				GENERATE_INFOPLIST_FILE = YES;
				MACOSX_DEPLOYMENT_TARGET = 12.3;
				MARKETING_VERSION = 1.0;
				PRODUCT_BUNDLE_IDENTIFIER = alexspurlock.MacLandmarksTests;
				PRODUCT_NAME = "$(TARGET_NAME)";
				SDKROOT = macosx;
				SWIFT_EMIT_LOC_STRINGS = NO;
				SWIFT_VERSION = 5.0;
				TEST_HOST = "$(BUILT_PRODUCTS_DIR)/MacLandmarks.app/Contents/MacOS/MacLandmarks";
			};
			name = Release;
		};
		D9FDBDA9287F69F800833F0E /* Debug */ = {
			isa = XCBuildConfiguration;
			buildSettings = {
				ALWAYS_EMBED_SWIFT_STANDARD_LIBRARIES = YES;
				CODE_SIGN_STYLE = Automatic;
				CURRENT_PROJECT_VERSION = 1;
				DEVELOPMENT_TEAM = X95URU6FD9;
				GENERATE_INFOPLIST_FILE = YES;
				MACOSX_DEPLOYMENT_TARGET = 12.3;
				MARKETING_VERSION = 1.0;
				PRODUCT_BUNDLE_IDENTIFIER = alexspurlock.MacLandmarksUITests;
				PRODUCT_NAME = "$(TARGET_NAME)";
				SDKROOT = macosx;
				SWIFT_EMIT_LOC_STRINGS = NO;
				SWIFT_VERSION = 5.0;
				TEST_TARGET_NAME = MacLandmarks;
			};
			name = Debug;
		};
		D9FDBDAA287F69F800833F0E /* Release */ = {
			isa = XCBuildConfiguration;
			buildSettings = {
				ALWAYS_EMBED_SWIFT_STANDARD_LIBRARIES = YES;
				CODE_SIGN_STYLE = Automatic;
				CURRENT_PROJECT_VERSION = 1;
				DEVELOPMENT_TEAM = X95URU6FD9;
				GENERATE_INFOPLIST_FILE = YES;
				MACOSX_DEPLOYMENT_TARGET = 12.3;
				MARKETING_VERSION = 1.0;
				PRODUCT_BUNDLE_IDENTIFIER = alexspurlock.MacLandmarksUITests;
				PRODUCT_NAME = "$(TARGET_NAME)";
				SDKROOT = macosx;
				SWIFT_EMIT_LOC_STRINGS = NO;
				SWIFT_VERSION = 5.0;
				TEST_TARGET_NAME = MacLandmarks;
			};
			name = Release;
		};
/* End XCBuildConfiguration section */

/* Begin XCConfigurationList section */
		D905D6A8287B56EB004C2B2B /* Build configuration list for PBXProject "landmarks" */ = {
			isa = XCConfigurationList;
			buildConfigurations = (
				D905D6D4287B56ED004C2B2B /* Debug */,
				D905D6D5287B56ED004C2B2B /* Release */,
			);
			defaultConfigurationIsVisible = 0;
			defaultConfigurationName = Release;
		};
		D905D6D6287B56ED004C2B2B /* Build configuration list for PBXNativeTarget "landmarks" */ = {
			isa = XCConfigurationList;
			buildConfigurations = (
				D905D6D7287B56ED004C2B2B /* Debug */,
				D905D6D8287B56ED004C2B2B /* Release */,
			);
			defaultConfigurationIsVisible = 0;
			defaultConfigurationName = Release;
		};
		D905D6D9287B56ED004C2B2B /* Build configuration list for PBXNativeTarget "landmarksTests" */ = {
			isa = XCConfigurationList;
			buildConfigurations = (
				D905D6DA287B56ED004C2B2B /* Debug */,
				D905D6DB287B56ED004C2B2B /* Release */,
			);
			defaultConfigurationIsVisible = 0;
			defaultConfigurationName = Release;
		};
		D905D6DC287B56ED004C2B2B /* Build configuration list for PBXNativeTarget "landmarksUITests" */ = {
			isa = XCConfigurationList;
			buildConfigurations = (
				D905D6DD287B56ED004C2B2B /* Debug */,
				D905D6DE287B56ED004C2B2B /* Release */,
			);
			defaultConfigurationIsVisible = 0;
			defaultConfigurationName = Release;
		};
		D9FDBDA2287F69F800833F0E /* Build configuration list for PBXNativeTarget "MacLandmarks" */ = {
			isa = XCConfigurationList;
			buildConfigurations = (
				D9FDBDA3287F69F800833F0E /* Debug */,
				D9FDBDA4287F69F800833F0E /* Release */,
			);
			defaultConfigurationIsVisible = 0;
			defaultConfigurationName = Release;
		};
		D9FDBDA5287F69F800833F0E /* Build configuration list for PBXNativeTarget "MacLandmarksTests" */ = {
			isa = XCConfigurationList;
			buildConfigurations = (
				D9FDBDA6287F69F800833F0E /* Debug */,
				D9FDBDA7287F69F800833F0E /* Release */,
			);
			defaultConfigurationIsVisible = 0;
			defaultConfigurationName = Release;
		};
		D9FDBDA8287F69F800833F0E /* Build configuration list for PBXNativeTarget "MacLandmarksUITests" */ = {
			isa = XCConfigurationList;
			buildConfigurations = (
				D9FDBDA9287F69F800833F0E /* Debug */,
				D9FDBDAA287F69F800833F0E /* Release */,
			);
			defaultConfigurationIsVisible = 0;
			defaultConfigurationName = Release;
		};
/* End XCConfigurationList section */

/* Begin XCVersionGroup section */
		D905D6BB287B56ED004C2B2B /* landmarks.xcdatamodeld */ = {
			isa = XCVersionGroup;
			children = (
				D905D6BC287B56ED004C2B2B /* landmarks.xcdatamodel */,
			);
			currentVersion = D905D6BC287B56ED004C2B2B /* landmarks.xcdatamodel */;
			path = landmarks.xcdatamodeld;
			sourceTree = "<group>";
			versionGroupType = wrapper.xcdatamodel;
		};
		D9FDBD88287F69F800833F0E /* MacLandmarks.xcdatamodeld */ = {
			isa = XCVersionGroup;
			children = (
				D9FDBD89287F69F800833F0E /* MacLandmarks.xcdatamodel */,
			);
			currentVersion = D9FDBD89287F69F800833F0E /* MacLandmarks.xcdatamodel */;
			path = MacLandmarks.xcdatamodeld;
			sourceTree = "<group>";
			versionGroupType = wrapper.xcdatamodel;
		};
/* End XCVersionGroup section */
	};
	rootObject = D905D6A5287B56EB004C2B2B /* Project object */;
}
